// !$*UTF8*$!
{
	archiveVersion = 1;
	classes = {
	};
	objectVersion = 56;
	objects = {

/* Begin PBXBuildFile section */
		076866500BDD25F4650BABCE /* Pods_CustomeDataAPICallingTests.framework in Frameworks */ = {isa = PBXBuildFile; fileRef = 3614E5AAC25FB233147E7705 /* Pods_CustomeDataAPICallingTests.framework */; };
		ACDCF1EECBE415CD47424925 /* Pods_CustomeDataAPICalling_CustomeDataAPICallingUITests.framework in Frameworks */ = {isa = PBXBuildFile; fileRef = 7034551A2D355D7A54C17541 /* Pods_CustomeDataAPICalling_CustomeDataAPICallingUITests.framework */; };
		BD0768612C138D59006251D3 /* NoInternetView.swift in Sources */ = {isa = PBXBuildFile; fileRef = BD0768602C138D59006251D3 /* NoInternetView.swift */; };
		BD0768632C138E48006251D3 /* NoInternetView.xib in Resources */ = {isa = PBXBuildFile; fileRef = BD0768622C138E48006251D3 /* NoInternetView.xib */; };
		BD0768662C13AF3E006251D3 /* NoDataView.swift in Sources */ = {isa = PBXBuildFile; fileRef = BD0768652C13AF3E006251D3 /* NoDataView.swift */; };
		BD0768682C13AF46006251D3 /* NoDataView.xib in Resources */ = {isa = PBXBuildFile; fileRef = BD0768672C13AF46006251D3 /* NoDataView.xib */; };
		BD67B8BD2C13DAE200C7EC38 /* SkeletonView.swift in Sources */ = {isa = PBXBuildFile; fileRef = BD67B8BC2C13DAE200C7EC38 /* SkeletonView.swift */; };
		BD9DA49A2C128BB6004B43BB /* AppDelegate.swift in Sources */ = {isa = PBXBuildFile; fileRef = BD9DA4992C128BB6004B43BB /* AppDelegate.swift */; };
		BD9DA49C2C128BB6004B43BB /* SceneDelegate.swift in Sources */ = {isa = PBXBuildFile; fileRef = BD9DA49B2C128BB6004B43BB /* SceneDelegate.swift */; };
		BD9DA49E2C128BB6004B43BB /* ViewController.swift in Sources */ = {isa = PBXBuildFile; fileRef = BD9DA49D2C128BB6004B43BB /* ViewController.swift */; };
		BD9DA4A12C128BB6004B43BB /* Base in Resources */ = {isa = PBXBuildFile; fileRef = BD9DA4A02C128BB6004B43BB /* Base */; };
		BD9DA4A32C128BB7004B43BB /* Assets.xcassets in Resources */ = {isa = PBXBuildFile; fileRef = BD9DA4A22C128BB7004B43BB /* Assets.xcassets */; };
		BD9DA4A62C128BB7004B43BB /* Base in Resources */ = {isa = PBXBuildFile; fileRef = BD9DA4A52C128BB7004B43BB /* Base */; };
		BD9DA4B12C128BB8004B43BB /* CustomeDataAPICallingTests.swift in Sources */ = {isa = PBXBuildFile; fileRef = BD9DA4B02C128BB8004B43BB /* CustomeDataAPICallingTests.swift */; };
		BD9DA4BB2C128BB8004B43BB /* CustomeDataAPICallingUITests.swift in Sources */ = {isa = PBXBuildFile; fileRef = BD9DA4BA2C128BB8004B43BB /* CustomeDataAPICallingUITests.swift */; };
		BD9DA4BD2C128BB8004B43BB /* CustomeDataAPICallingUITestsLaunchTests.swift in Sources */ = {isa = PBXBuildFile; fileRef = BD9DA4BC2C128BB8004B43BB /* CustomeDataAPICallingUITestsLaunchTests.swift */; };
		BD9DA4CC2C128D74004B43BB /* Model.swift in Sources */ = {isa = PBXBuildFile; fileRef = BD9DA4CB2C128D74004B43BB /* Model.swift */; };
		BD9DA4CE2C12947A004B43BB /* APIShowDataViewController.swift in Sources */ = {isa = PBXBuildFile; fileRef = BD9DA4CD2C12947A004B43BB /* APIShowDataViewController.swift */; };
		BD9DA4D02C129556004B43BB /* TableViewCell.swift in Sources */ = {isa = PBXBuildFile; fileRef = BD9DA4CF2C129556004B43BB /* TableViewCell.swift */; };
		DB0AAB3DFA3B9394AC07EC23 /* Pods_CustomeDataAPICalling.framework in Frameworks */ = {isa = PBXBuildFile; fileRef = 79274D9974E35D346ED791CE /* Pods_CustomeDataAPICalling.framework */; };
/* End PBXBuildFile section */

/* Begin PBXContainerItemProxy section */
		BD9DA4AD2C128BB8004B43BB /* PBXContainerItemProxy */ = {
			isa = PBXContainerItemProxy;
			containerPortal = BD9DA48E2C128BB6004B43BB /* Project object */;
			proxyType = 1;
			remoteGlobalIDString = BD9DA4952C128BB6004B43BB;
			remoteInfo = CustomeDataAPICalling;
		};
		BD9DA4B72C128BB8004B43BB /* PBXContainerItemProxy */ = {
			isa = PBXContainerItemProxy;
			containerPortal = BD9DA48E2C128BB6004B43BB /* Project object */;
			proxyType = 1;
			remoteGlobalIDString = BD9DA4952C128BB6004B43BB;
			remoteInfo = CustomeDataAPICalling;
		};
/* End PBXContainerItemProxy section */

/* Begin PBXFileReference section */
		1F7205A700141AD9F5EFEE4F /* Pods-CustomeDataAPICalling.debug.xcconfig */ = {isa = PBXFileReference; includeInIndex = 1; lastKnownFileType = text.xcconfig; name = "Pods-CustomeDataAPICalling.debug.xcconfig"; path = "Target Support Files/Pods-CustomeDataAPICalling/Pods-CustomeDataAPICalling.debug.xcconfig"; sourceTree = "<group>"; };
		3614E5AAC25FB233147E7705 /* Pods_CustomeDataAPICallingTests.framework */ = {isa = PBXFileReference; explicitFileType = wrapper.framework; includeInIndex = 0; path = Pods_CustomeDataAPICallingTests.framework; sourceTree = BUILT_PRODUCTS_DIR; };
		531D256B9B9C01E9227BE15E /* Pods-CustomeDataAPICallingTests.debug.xcconfig */ = {isa = PBXFileReference; includeInIndex = 1; lastKnownFileType = text.xcconfig; name = "Pods-CustomeDataAPICallingTests.debug.xcconfig"; path = "Target Support Files/Pods-CustomeDataAPICallingTests/Pods-CustomeDataAPICallingTests.debug.xcconfig"; sourceTree = "<group>"; };
		7034551A2D355D7A54C17541 /* Pods_CustomeDataAPICalling_CustomeDataAPICallingUITests.framework */ = {isa = PBXFileReference; explicitFileType = wrapper.framework; includeInIndex = 0; path = Pods_CustomeDataAPICalling_CustomeDataAPICallingUITests.framework; sourceTree = BUILT_PRODUCTS_DIR; };
		7305211BDA64D9EE97B8FAAE /* Pods-CustomeDataAPICalling-CustomeDataAPICallingUITests.release.xcconfig */ = {isa = PBXFileReference; includeInIndex = 1; lastKnownFileType = text.xcconfig; name = "Pods-CustomeDataAPICalling-CustomeDataAPICallingUITests.release.xcconfig"; path = "Target Support Files/Pods-CustomeDataAPICalling-CustomeDataAPICallingUITests/Pods-CustomeDataAPICalling-CustomeDataAPICallingUITests.release.xcconfig"; sourceTree = "<group>"; };
		79274D9974E35D346ED791CE /* Pods_CustomeDataAPICalling.framework */ = {isa = PBXFileReference; explicitFileType = wrapper.framework; includeInIndex = 0; path = Pods_CustomeDataAPICalling.framework; sourceTree = BUILT_PRODUCTS_DIR; };
		BD0768602C138D59006251D3 /* NoInternetView.swift */ = {isa = PBXFileReference; lastKnownFileType = sourcecode.swift; path = NoInternetView.swift; sourceTree = "<group>"; };
		BD0768622C138E48006251D3 /* NoInternetView.xib */ = {isa = PBXFileReference; lastKnownFileType = file.xib; path = NoInternetView.xib; sourceTree = "<group>"; };
		BD0768652C13AF3E006251D3 /* NoDataView.swift */ = {isa = PBXFileReference; lastKnownFileType = sourcecode.swift; path = NoDataView.swift; sourceTree = "<group>"; };
		BD0768672C13AF46006251D3 /* NoDataView.xib */ = {isa = PBXFileReference; lastKnownFileType = file.xib; path = NoDataView.xib; sourceTree = "<group>"; };
		BD67B8BC2C13DAE200C7EC38 /* SkeletonView.swift */ = {isa = PBXFileReference; lastKnownFileType = sourcecode.swift; path = SkeletonView.swift; sourceTree = "<group>"; };
		BD9ADED6C2E017626F606CB5 /* Pods-CustomeDataAPICallingTests.release.xcconfig */ = {isa = PBXFileReference; includeInIndex = 1; lastKnownFileType = text.xcconfig; name = "Pods-CustomeDataAPICallingTests.release.xcconfig"; path = "Target Support Files/Pods-CustomeDataAPICallingTests/Pods-CustomeDataAPICallingTests.release.xcconfig"; sourceTree = "<group>"; };
		BD9DA4962C128BB6004B43BB /* CustomeDataAPICalling.app */ = {isa = PBXFileReference; explicitFileType = wrapper.application; includeInIndex = 0; path = CustomeDataAPICalling.app; sourceTree = BUILT_PRODUCTS_DIR; };
		BD9DA4992C128BB6004B43BB /* AppDelegate.swift */ = {isa = PBXFileReference; lastKnownFileType = sourcecode.swift; path = AppDelegate.swift; sourceTree = "<group>"; };
		BD9DA49B2C128BB6004B43BB /* SceneDelegate.swift */ = {isa = PBXFileReference; lastKnownFileType = sourcecode.swift; path = SceneDelegate.swift; sourceTree = "<group>"; };
		BD9DA49D2C128BB6004B43BB /* ViewController.swift */ = {isa = PBXFileReference; lastKnownFileType = sourcecode.swift; path = ViewController.swift; sourceTree = "<group>"; };
		BD9DA4A02C128BB6004B43BB /* Base */ = {isa = PBXFileReference; lastKnownFileType = file.storyboard; name = Base; path = Base.lproj/Main.storyboard; sourceTree = "<group>"; };
		BD9DA4A22C128BB7004B43BB /* Assets.xcassets */ = {isa = PBXFileReference; lastKnownFileType = folder.assetcatalog; path = Assets.xcassets; sourceTree = "<group>"; };
		BD9DA4A52C128BB7004B43BB /* Base */ = {isa = PBXFileReference; lastKnownFileType = file.storyboard; name = Base; path = Base.lproj/LaunchScreen.storyboard; sourceTree = "<group>"; };
		BD9DA4A72C128BB7004B43BB /* Info.plist */ = {isa = PBXFileReference; lastKnownFileType = text.plist.xml; path = Info.plist; sourceTree = "<group>"; };
		BD9DA4AC2C128BB8004B43BB /* CustomeDataAPICallingTests.xctest */ = {isa = PBXFileReference; explicitFileType = wrapper.cfbundle; includeInIndex = 0; path = CustomeDataAPICallingTests.xctest; sourceTree = BUILT_PRODUCTS_DIR; };
		BD9DA4B02C128BB8004B43BB /* CustomeDataAPICallingTests.swift */ = {isa = PBXFileReference; lastKnownFileType = sourcecode.swift; path = CustomeDataAPICallingTests.swift; sourceTree = "<group>"; };
		BD9DA4B62C128BB8004B43BB /* CustomeDataAPICallingUITests.xctest */ = {isa = PBXFileReference; explicitFileType = wrapper.cfbundle; includeInIndex = 0; path = CustomeDataAPICallingUITests.xctest; sourceTree = BUILT_PRODUCTS_DIR; };
		BD9DA4BA2C128BB8004B43BB /* CustomeDataAPICallingUITests.swift */ = {isa = PBXFileReference; lastKnownFileType = sourcecode.swift; path = CustomeDataAPICallingUITests.swift; sourceTree = "<group>"; };
		BD9DA4BC2C128BB8004B43BB /* CustomeDataAPICallingUITestsLaunchTests.swift */ = {isa = PBXFileReference; lastKnownFileType = sourcecode.swift; path = CustomeDataAPICallingUITestsLaunchTests.swift; sourceTree = "<group>"; };
		BD9DA4CB2C128D74004B43BB /* Model.swift */ = {isa = PBXFileReference; lastKnownFileType = sourcecode.swift; path = Model.swift; sourceTree = "<group>"; };
		BD9DA4CD2C12947A004B43BB /* APIShowDataViewController.swift */ = {isa = PBXFileReference; lastKnownFileType = sourcecode.swift; path = APIShowDataViewController.swift; sourceTree = "<group>"; };
		BD9DA4CF2C129556004B43BB /* TableViewCell.swift */ = {isa = PBXFileReference; lastKnownFileType = sourcecode.swift; path = TableViewCell.swift; sourceTree = "<group>"; };
		CCF32878943B804E9AFF18C2 /* Pods-CustomeDataAPICalling-CustomeDataAPICallingUITests.debug.xcconfig */ = {isa = PBXFileReference; includeInIndex = 1; lastKnownFileType = text.xcconfig; name = "Pods-CustomeDataAPICalling-CustomeDataAPICallingUITests.debug.xcconfig"; path = "Target Support Files/Pods-CustomeDataAPICalling-CustomeDataAPICallingUITests/Pods-CustomeDataAPICalling-CustomeDataAPICallingUITests.debug.xcconfig"; sourceTree = "<group>"; };
		CFE6169D525243A7C8404668 /* Pods-CustomeDataAPICalling.release.xcconfig */ = {isa = PBXFileReference; includeInIndex = 1; lastKnownFileType = text.xcconfig; name = "Pods-CustomeDataAPICalling.release.xcconfig"; path = "Target Support Files/Pods-CustomeDataAPICalling/Pods-CustomeDataAPICalling.release.xcconfig"; sourceTree = "<group>"; };
/* End PBXFileReference section */

/* Begin PBXFrameworksBuildPhase section */
		BD9DA4932C128BB6004B43BB /* Frameworks */ = {
			isa = PBXFrameworksBuildPhase;
			buildActionMask = 2147483647;
			files = (
				DB0AAB3DFA3B9394AC07EC23 /* Pods_CustomeDataAPICalling.framework in Frameworks */,
			);
			runOnlyForDeploymentPostprocessing = 0;
		};
		BD9DA4A92C128BB8004B43BB /* Frameworks */ = {
			isa = PBXFrameworksBuildPhase;
			buildActionMask = 2147483647;
			files = (
				076866500BDD25F4650BABCE /* Pods_CustomeDataAPICallingTests.framework in Frameworks */,
			);
			runOnlyForDeploymentPostprocessing = 0;
		};
		BD9DA4B32C128BB8004B43BB /* Frameworks */ = {
			isa = PBXFrameworksBuildPhase;
			buildActionMask = 2147483647;
			files = (
				ACDCF1EECBE415CD47424925 /* Pods_CustomeDataAPICalling_CustomeDataAPICallingUITests.framework in Frameworks */,
			);
			runOnlyForDeploymentPostprocessing = 0;
		};
/* End PBXFrameworksBuildPhase section */

/* Begin PBXGroup section */
		29551C9BBCE65DB514482406 /* Frameworks */ = {
			isa = PBXGroup;
			children = (
				79274D9974E35D346ED791CE /* Pods_CustomeDataAPICalling.framework */,
				7034551A2D355D7A54C17541 /* Pods_CustomeDataAPICalling_CustomeDataAPICallingUITests.framework */,
				3614E5AAC25FB233147E7705 /* Pods_CustomeDataAPICallingTests.framework */,
			);
			name = Frameworks;
			sourceTree = "<group>";
		};
		34BE8799802A4DE0CEBBE21D /* Pods */ = {
			isa = PBXGroup;
			children = (
				1F7205A700141AD9F5EFEE4F /* Pods-CustomeDataAPICalling.debug.xcconfig */,
				CFE6169D525243A7C8404668 /* Pods-CustomeDataAPICalling.release.xcconfig */,
				CCF32878943B804E9AFF18C2 /* Pods-CustomeDataAPICalling-CustomeDataAPICallingUITests.debug.xcconfig */,
				7305211BDA64D9EE97B8FAAE /* Pods-CustomeDataAPICalling-CustomeDataAPICallingUITests.release.xcconfig */,
				531D256B9B9C01E9227BE15E /* Pods-CustomeDataAPICallingTests.debug.xcconfig */,
				BD9ADED6C2E017626F606CB5 /* Pods-CustomeDataAPICallingTests.release.xcconfig */,
			);
			path = Pods;
			sourceTree = "<group>";
		};
		BD0768642C139B17006251D3 /* XIB */ = {
			isa = PBXGroup;
			children = (
				BD0768602C138D59006251D3 /* NoInternetView.swift */,
				BD0768622C138E48006251D3 /* NoInternetView.xib */,
				BD0768652C13AF3E006251D3 /* NoDataView.swift */,
				BD0768672C13AF46006251D3 /* NoDataView.xib */,
			);
			path = XIB;
			sourceTree = "<group>";
		};
		BD9DA48D2C128BB6004B43BB = {
			isa = PBXGroup;
			children = (
				BD9DA4982C128BB6004B43BB /* CustomeDataAPICalling */,
				BD9DA4AF2C128BB8004B43BB /* CustomeDataAPICallingTests */,
				BD9DA4B92C128BB8004B43BB /* CustomeDataAPICallingUITests */,
				BD9DA4972C128BB6004B43BB /* Products */,
				34BE8799802A4DE0CEBBE21D /* Pods */,
				29551C9BBCE65DB514482406 /* Frameworks */,
			);
			sourceTree = "<group>";
		};
		BD9DA4972C128BB6004B43BB /* Products */ = {
			isa = PBXGroup;
			children = (
				BD9DA4962C128BB6004B43BB /* CustomeDataAPICalling.app */,
				BD9DA4AC2C128BB8004B43BB /* CustomeDataAPICallingTests.xctest */,
				BD9DA4B62C128BB8004B43BB /* CustomeDataAPICallingUITests.xctest */,
			);
			name = Products;
			sourceTree = "<group>";
		};
		BD9DA4982C128BB6004B43BB /* CustomeDataAPICalling */ = {
			isa = PBXGroup;
			children = (
				BD9DA4D12C129BEA004B43BB /* Delegate */,
				BD9DA4D22C129BF4004B43BB /* Model */,
				BD9DA4D52C129C23004B43BB /* Controller */,
				BD9DA4D32C129BFF004B43BB /* View */,
				BD9DA4A22C128BB7004B43BB /* Assets.xcassets */,
				BD9DA4A72C128BB7004B43BB /* Info.plist */,
			);
			path = CustomeDataAPICalling;
			sourceTree = "<group>";
		};
		BD9DA4AF2C128BB8004B43BB /* CustomeDataAPICallingTests */ = {
			isa = PBXGroup;
			children = (
				BD9DA4B02C128BB8004B43BB /* CustomeDataAPICallingTests.swift */,
			);
			path = CustomeDataAPICallingTests;
			sourceTree = "<group>";
		};
		BD9DA4B92C128BB8004B43BB /* CustomeDataAPICallingUITests */ = {
			isa = PBXGroup;
			children = (
				BD9DA4BA2C128BB8004B43BB /* CustomeDataAPICallingUITests.swift */,
				BD9DA4BC2C128BB8004B43BB /* CustomeDataAPICallingUITestsLaunchTests.swift */,
			);
			path = CustomeDataAPICallingUITests;
			sourceTree = "<group>";
		};
		BD9DA4D12C129BEA004B43BB /* Delegate */ = {
			isa = PBXGroup;
			children = (
				BD9DA4992C128BB6004B43BB /* AppDelegate.swift */,
				BD9DA49B2C128BB6004B43BB /* SceneDelegate.swift */,
			);
			path = Delegate;
			sourceTree = "<group>";
		};
		BD9DA4D22C129BF4004B43BB /* Model */ = {
			isa = PBXGroup;
			children = (
				BD9DA4CB2C128D74004B43BB /* Model.swift */,
			);
			path = Model;
			sourceTree = "<group>";
		};
		BD9DA4D32C129BFF004B43BB /* View */ = {
			isa = PBXGroup;
			children = (
				BD0768642C139B17006251D3 /* XIB */,
				BD9DA4D42C129C04004B43BB /* Cell */,
				BD9DA49F2C128BB6004B43BB /* Main.storyboard */,
				BD9DA4A42C128BB7004B43BB /* LaunchScreen.storyboard */,
			);
			path = View;
			sourceTree = "<group>";
		};
		BD9DA4D42C129C04004B43BB /* Cell */ = {
			isa = PBXGroup;
			children = (
				BD9DA4CF2C129556004B43BB /* TableViewCell.swift */,
			);
			path = Cell;
			sourceTree = "<group>";
		};
		BD9DA4D52C129C23004B43BB /* Controller */ = {
			isa = PBXGroup;
			children = (
				BD9DA49D2C128BB6004B43BB /* ViewController.swift */,
				BD9DA4CD2C12947A004B43BB /* APIShowDataViewController.swift */,
				BD67B8BC2C13DAE200C7EC38 /* SkeletonView.swift */,
			);
			path = Controller;
			sourceTree = "<group>";
		};
/* End PBXGroup section */

/* Begin PBXNativeTarget section */
		BD9DA4952C128BB6004B43BB /* CustomeDataAPICalling */ = {
			isa = PBXNativeTarget;
			buildConfigurationList = BD9DA4C02C128BB8004B43BB /* Build configuration list for PBXNativeTarget "CustomeDataAPICalling" */;
			buildPhases = (
				CD8487744AD8ABC48BCA5CDD /* [CP] Check Pods Manifest.lock */,
				BD9DA4922C128BB6004B43BB /* Sources */,
				BD9DA4932C128BB6004B43BB /* Frameworks */,
				BD9DA4942C128BB6004B43BB /* Resources */,
				B0439B78AFFA114035CBC021 /* [CP] Embed Pods Frameworks */,
			);
			buildRules = (
			);
			dependencies = (
			);
			name = CustomeDataAPICalling;
			productName = CustomeDataAPICalling;
			productReference = BD9DA4962C128BB6004B43BB /* CustomeDataAPICalling.app */;
			productType = "com.apple.product-type.application";
		};
		BD9DA4AB2C128BB8004B43BB /* CustomeDataAPICallingTests */ = {
			isa = PBXNativeTarget;
			buildConfigurationList = BD9DA4C32C128BB8004B43BB /* Build configuration list for PBXNativeTarget "CustomeDataAPICallingTests" */;
			buildPhases = (
				1617FADC6AA2C1D7D5275AD0 /* [CP] Check Pods Manifest.lock */,
				BD9DA4A82C128BB8004B43BB /* Sources */,
				BD9DA4A92C128BB8004B43BB /* Frameworks */,
				BD9DA4AA2C128BB8004B43BB /* Resources */,
			);
			buildRules = (
			);
			dependencies = (
				BD9DA4AE2C128BB8004B43BB /* PBXTargetDependency */,
			);
			name = CustomeDataAPICallingTests;
			productName = CustomeDataAPICallingTests;
			productReference = BD9DA4AC2C128BB8004B43BB /* CustomeDataAPICallingTests.xctest */;
			productType = "com.apple.product-type.bundle.unit-test";
		};
		BD9DA4B52C128BB8004B43BB /* CustomeDataAPICallingUITests */ = {
			isa = PBXNativeTarget;
			buildConfigurationList = BD9DA4C62C128BB8004B43BB /* Build configuration list for PBXNativeTarget "CustomeDataAPICallingUITests" */;
			buildPhases = (
				FE09155C30DD11A7DB6A9CCB /* [CP] Check Pods Manifest.lock */,
				BD9DA4B22C128BB8004B43BB /* Sources */,
				BD9DA4B32C128BB8004B43BB /* Frameworks */,
				BD9DA4B42C128BB8004B43BB /* Resources */,
				5B511DE46FBE1165A827FBBC /* [CP] Embed Pods Frameworks */,
			);
			buildRules = (
			);
			dependencies = (
				BD9DA4B82C128BB8004B43BB /* PBXTargetDependency */,
			);
			name = CustomeDataAPICallingUITests;
			productName = CustomeDataAPICallingUITests;
			productReference = BD9DA4B62C128BB8004B43BB /* CustomeDataAPICallingUITests.xctest */;
			productType = "com.apple.product-type.bundle.ui-testing";
		};
/* End PBXNativeTarget section */

/* Begin PBXProject section */
		BD9DA48E2C128BB6004B43BB /* Project object */ = {
			isa = PBXProject;
			attributes = {
				BuildIndependentTargetsInParallel = 1;
				LastSwiftUpdateCheck = 1530;
				LastUpgradeCheck = 1530;
				TargetAttributes = {
					BD9DA4952C128BB6004B43BB = {
						CreatedOnToolsVersion = 15.3;
					};
					BD9DA4AB2C128BB8004B43BB = {
						CreatedOnToolsVersion = 15.3;
						TestTargetID = BD9DA4952C128BB6004B43BB;
					};
					BD9DA4B52C128BB8004B43BB = {
						CreatedOnToolsVersion = 15.3;
						TestTargetID = BD9DA4952C128BB6004B43BB;
					};
				};
			};
			buildConfigurationList = BD9DA4912C128BB6004B43BB /* Build configuration list for PBXProject "CustomeDataAPICalling" */;
			compatibilityVersion = "Xcode 14.0";
			developmentRegion = en;
			hasScannedForEncodings = 0;
			knownRegions = (
				en,
				Base,
			);
			mainGroup = BD9DA48D2C128BB6004B43BB;
			productRefGroup = BD9DA4972C128BB6004B43BB /* Products */;
			projectDirPath = "";
			projectRoot = "";
			targets = (
				BD9DA4952C128BB6004B43BB /* CustomeDataAPICalling */,
				BD9DA4AB2C128BB8004B43BB /* CustomeDataAPICallingTests */,
				BD9DA4B52C128BB8004B43BB /* CustomeDataAPICallingUITests */,
			);
		};
/* End PBXProject section */

/* Begin PBXResourcesBuildPhase section */
		BD9DA4942C128BB6004B43BB /* Resources */ = {
			isa = PBXResourcesBuildPhase;
			buildActionMask = 2147483647;
			files = (
				BD0768632C138E48006251D3 /* NoInternetView.xib in Resources */,
				BD9DA4A32C128BB7004B43BB /* Assets.xcassets in Resources */,
				BD9DA4A62C128BB7004B43BB /* Base in Resources */,
				BD9DA4A12C128BB6004B43BB /* Base in Resources */,
				BD0768682C13AF46006251D3 /* NoDataView.xib in Resources */,
			);
			runOnlyForDeploymentPostprocessing = 0;
		};
		BD9DA4AA2C128BB8004B43BB /* Resources */ = {
			isa = PBXResourcesBuildPhase;
			buildActionMask = 2147483647;
			files = (
			);
			runOnlyForDeploymentPostprocessing = 0;
		};
		BD9DA4B42C128BB8004B43BB /* Resources */ = {
			isa = PBXResourcesBuildPhase;
			buildActionMask = 2147483647;
			files = (
			);
			runOnlyForDeploymentPostprocessing = 0;
		};
/* End PBXResourcesBuildPhase section */

/* Begin PBXShellScriptBuildPhase section */
		1617FADC6AA2C1D7D5275AD0 /* [CP] Check Pods Manifest.lock */ = {
			isa = PBXShellScriptBuildPhase;
			buildActionMask = 2147483647;
			files = (
			);
			inputFileListPaths = (
			);
			inputPaths = (
				"${PODS_PODFILE_DIR_PATH}/Podfile.lock",
				"${PODS_ROOT}/Manifest.lock",
			);
			name = "[CP] Check Pods Manifest.lock";
			outputFileListPaths = (
			);
			outputPaths = (
				"$(DERIVED_FILE_DIR)/Pods-CustomeDataAPICallingTests-checkManifestLockResult.txt",
			);
			runOnlyForDeploymentPostprocessing = 0;
			shellPath = /bin/sh;
			shellScript = "diff \"${PODS_PODFILE_DIR_PATH}/Podfile.lock\" \"${PODS_ROOT}/Manifest.lock\" > /dev/null\nif [ $? != 0 ] ; then\n    # print error to STDERR\n    echo \"error: The sandbox is not in sync with the Podfile.lock. Run 'pod install' or update your CocoaPods installation.\" >&2\n    exit 1\nfi\n# This output is used by Xcode 'outputs' to avoid re-running this script phase.\necho \"SUCCESS\" > \"${SCRIPT_OUTPUT_FILE_0}\"\n";
			showEnvVarsInLog = 0;
		};
		5B511DE46FBE1165A827FBBC /* [CP] Embed Pods Frameworks */ = {
			isa = PBXShellScriptBuildPhase;
			buildActionMask = 2147483647;
			files = (
			);
			inputFileListPaths = (
				"${PODS_ROOT}/Target Support Files/Pods-CustomeDataAPICalling-CustomeDataAPICallingUITests/Pods-CustomeDataAPICalling-CustomeDataAPICallingUITests-frameworks-${CONFIGURATION}-input-files.xcfilelist",
			);
			name = "[CP] Embed Pods Frameworks";
			outputFileListPaths = (
				"${PODS_ROOT}/Target Support Files/Pods-CustomeDataAPICalling-CustomeDataAPICallingUITests/Pods-CustomeDataAPICalling-CustomeDataAPICallingUITests-frameworks-${CONFIGURATION}-output-files.xcfilelist",
			);
			runOnlyForDeploymentPostprocessing = 0;
			shellPath = /bin/sh;
			shellScript = "\"${PODS_ROOT}/Target Support Files/Pods-CustomeDataAPICalling-CustomeDataAPICallingUITests/Pods-CustomeDataAPICalling-CustomeDataAPICallingUITests-frameworks.sh\"\n";
			showEnvVarsInLog = 0;
		};
		B0439B78AFFA114035CBC021 /* [CP] Embed Pods Frameworks */ = {
			isa = PBXShellScriptBuildPhase;
			buildActionMask = 2147483647;
			files = (
			);
			inputFileListPaths = (
				"${PODS_ROOT}/Target Support Files/Pods-CustomeDataAPICalling/Pods-CustomeDataAPICalling-frameworks-${CONFIGURATION}-input-files.xcfilelist",
			);
			name = "[CP] Embed Pods Frameworks";
			outputFileListPaths = (
				"${PODS_ROOT}/Target Support Files/Pods-CustomeDataAPICalling/Pods-CustomeDataAPICalling-frameworks-${CONFIGURATION}-output-files.xcfilelist",
			);
			runOnlyForDeploymentPostprocessing = 0;
			shellPath = /bin/sh;
			shellScript = "\"${PODS_ROOT}/Target Support Files/Pods-CustomeDataAPICalling/Pods-CustomeDataAPICalling-frameworks.sh\"\n";
			showEnvVarsInLog = 0;
		};
		CD8487744AD8ABC48BCA5CDD /* [CP] Check Pods Manifest.lock */ = {
			isa = PBXShellScriptBuildPhase;
			buildActionMask = 2147483647;
			files = (
			);
			inputFileListPaths = (
			);
			inputPaths = (
				"${PODS_PODFILE_DIR_PATH}/Podfile.lock",
				"${PODS_ROOT}/Manifest.lock",
			);
			name = "[CP] Check Pods Manifest.lock";
			outputFileListPaths = (
			);
			outputPaths = (
				"$(DERIVED_FILE_DIR)/Pods-CustomeDataAPICalling-checkManifestLockResult.txt",
			);
			runOnlyForDeploymentPostprocessing = 0;
			shellPath = /bin/sh;
			shellScript = "diff \"${PODS_PODFILE_DIR_PATH}/Podfile.lock\" \"${PODS_ROOT}/Manifest.lock\" > /dev/null\nif [ $? != 0 ] ; then\n    # print error to STDERR\n    echo \"error: The sandbox is not in sync with the Podfile.lock. Run 'pod install' or update your CocoaPods installation.\" >&2\n    exit 1\nfi\n# This output is used by Xcode 'outputs' to avoid re-running this script phase.\necho \"SUCCESS\" > \"${SCRIPT_OUTPUT_FILE_0}\"\n";
			showEnvVarsInLog = 0;
		};
		FE09155C30DD11A7DB6A9CCB /* [CP] Check Pods Manifest.lock */ = {
			isa = PBXShellScriptBuildPhase;
			buildActionMask = 2147483647;
			files = (
			);
			inputFileListPaths = (
			);
			inputPaths = (
				"${PODS_PODFILE_DIR_PATH}/Podfile.lock",
				"${PODS_ROOT}/Manifest.lock",
			);
			name = "[CP] Check Pods Manifest.lock";
			outputFileListPaths = (
			);
			outputPaths = (
				"$(DERIVED_FILE_DIR)/Pods-CustomeDataAPICalling-CustomeDataAPICallingUITests-checkManifestLockResult.txt",
			);
			runOnlyForDeploymentPostprocessing = 0;
			shellPath = /bin/sh;
			shellScript = "diff \"${PODS_PODFILE_DIR_PATH}/Podfile.lock\" \"${PODS_ROOT}/Manifest.lock\" > /dev/null\nif [ $? != 0 ] ; then\n    # print error to STDERR\n    echo \"error: The sandbox is not in sync with the Podfile.lock. Run 'pod install' or update your CocoaPods installation.\" >&2\n    exit 1\nfi\n# This output is used by Xcode 'outputs' to avoid re-running this script phase.\necho \"SUCCESS\" > \"${SCRIPT_OUTPUT_FILE_0}\"\n";
			showEnvVarsInLog = 0;
		};
/* End PBXShellScriptBuildPhase section */

/* Begin PBXSourcesBuildPhase section */
		BD9DA4922C128BB6004B43BB /* Sources */ = {
			isa = PBXSourcesBuildPhase;
			buildActionMask = 2147483647;
			files = (
				BD9DA49E2C128BB6004B43BB /* ViewController.swift in Sources */,
				BD9DA4CE2C12947A004B43BB /* APIShowDataViewController.swift in Sources */,
				BD9DA49A2C128BB6004B43BB /* AppDelegate.swift in Sources */,
				BD9DA4D02C129556004B43BB /* TableViewCell.swift in Sources */,
				BD9DA49C2C128BB6004B43BB /* SceneDelegate.swift in Sources */,
				BD67B8BD2C13DAE200C7EC38 /* SkeletonView.swift in Sources */,
				BD0768662C13AF3E006251D3 /* NoDataView.swift in Sources */,
				BD9DA4CC2C128D74004B43BB /* Model.swift in Sources */,
				BD0768612C138D59006251D3 /* NoInternetView.swift in Sources */,
			);
			runOnlyForDeploymentPostprocessing = 0;
		};
		BD9DA4A82C128BB8004B43BB /* Sources */ = {
			isa = PBXSourcesBuildPhase;
			buildActionMask = 2147483647;
			files = (
				BD9DA4B12C128BB8004B43BB /* CustomeDataAPICallingTests.swift in Sources */,
			);
			runOnlyForDeploymentPostprocessing = 0;
		};
		BD9DA4B22C128BB8004B43BB /* Sources */ = {
			isa = PBXSourcesBuildPhase;
			buildActionMask = 2147483647;
			files = (
				BD9DA4BB2C128BB8004B43BB /* CustomeDataAPICallingUITests.swift in Sources */,
				BD9DA4BD2C128BB8004B43BB /* CustomeDataAPICallingUITestsLaunchTests.swift in Sources */,
			);
			runOnlyForDeploymentPostprocessing = 0;
		};
/* End PBXSourcesBuildPhase section */

/* Begin PBXTargetDependency section */
		BD9DA4AE2C128BB8004B43BB /* PBXTargetDependency */ = {
			isa = PBXTargetDependency;
			target = BD9DA4952C128BB6004B43BB /* CustomeDataAPICalling */;
			targetProxy = BD9DA4AD2C128BB8004B43BB /* PBXContainerItemProxy */;
		};
		BD9DA4B82C128BB8004B43BB /* PBXTargetDependency */ = {
			isa = PBXTargetDependency;
			target = BD9DA4952C128BB6004B43BB /* CustomeDataAPICalling */;
			targetProxy = BD9DA4B72C128BB8004B43BB /* PBXContainerItemProxy */;
		};
/* End PBXTargetDependency section */

/* Begin PBXVariantGroup section */
		BD9DA49F2C128BB6004B43BB /* Main.storyboard */ = {
			isa = PBXVariantGroup;
			children = (
				BD9DA4A02C128BB6004B43BB /* Base */,
			);
			name = Main.storyboard;
			sourceTree = "<group>";
		};
		BD9DA4A42C128BB7004B43BB /* LaunchScreen.storyboard */ = {
			isa = PBXVariantGroup;
			children = (
				BD9DA4A52C128BB7004B43BB /* Base */,
			);
			name = LaunchScreen.storyboard;
			sourceTree = "<group>";
		};
/* End PBXVariantGroup section */

/* Begin XCBuildConfiguration section */
		BD9DA4BE2C128BB8004B43BB /* Debug */ = {
			isa = XCBuildConfiguration;
			buildSettings = {
				ALWAYS_SEARCH_USER_PATHS = NO;
				ASSETCATALOG_COMPILER_GENERATE_SWIFT_ASSET_SYMBOL_EXTENSIONS = YES;
				CLANG_ANALYZER_NONNULL = YES;
				CLANG_ANALYZER_NUMBER_OBJECT_CONVERSION = YES_AGGRESSIVE;
				CLANG_CXX_LANGUAGE_STANDARD = "gnu++20";
				CLANG_ENABLE_MODULES = YES;
				CLANG_ENABLE_OBJC_ARC = YES;
				CLANG_ENABLE_OBJC_WEAK = YES;
				CLANG_WARN_BLOCK_CAPTURE_AUTORELEASING = YES;
				CLANG_WARN_BOOL_CONVERSION = YES;
				CLANG_WARN_COMMA = YES;
				CLANG_WARN_CONSTANT_CONVERSION = YES;
				CLANG_WARN_DEPRECATED_OBJC_IMPLEMENTATIONS = YES;
				CLANG_WARN_DIRECT_OBJC_ISA_USAGE = YES_ERROR;
				CLANG_WARN_DOCUMENTATION_COMMENTS = YES;
				CLANG_WARN_EMPTY_BODY = YES;
				CLANG_WARN_ENUM_CONVERSION = YES;
				CLANG_WARN_INFINITE_RECURSION = YES;
				CLANG_WARN_INT_CONVERSION = YES;
				CLANG_WARN_NON_LITERAL_NULL_CONVERSION = YES;
				CLANG_WARN_OBJC_IMPLICIT_RETAIN_SELF = YES;
				CLANG_WARN_OBJC_LITERAL_CONVERSION = YES;
				CLANG_WARN_OBJC_ROOT_CLASS = YES_ERROR;
				CLANG_WARN_QUOTED_INCLUDE_IN_FRAMEWORK_HEADER = YES;
				CLANG_WARN_RANGE_LOOP_ANALYSIS = YES;
				CLANG_WARN_STRICT_PROTOTYPES = YES;
				CLANG_WARN_SUSPICIOUS_MOVE = YES;
				CLANG_WARN_UNGUARDED_AVAILABILITY = YES_AGGRESSIVE;
				CLANG_WARN_UNREACHABLE_CODE = YES;
				CLANG_WARN__DUPLICATE_METHOD_MATCH = YES;
				COPY_PHASE_STRIP = NO;
				DEBUG_INFORMATION_FORMAT = dwarf;
				ENABLE_STRICT_OBJC_MSGSEND = YES;
				ENABLE_TESTABILITY = YES;
				ENABLE_USER_SCRIPT_SANDBOXING = YES;
				GCC_C_LANGUAGE_STANDARD = gnu17;
				GCC_DYNAMIC_NO_PIC = NO;
				GCC_NO_COMMON_BLOCKS = YES;
				GCC_OPTIMIZATION_LEVEL = 0;
				GCC_PREPROCESSOR_DEFINITIONS = (
					"DEBUG=1",
					"$(inherited)",
				);
				GCC_WARN_64_TO_32_BIT_CONVERSION = YES;
				GCC_WARN_ABOUT_RETURN_TYPE = YES_ERROR;
				GCC_WARN_UNDECLARED_SELECTOR = YES;
				GCC_WARN_UNINITIALIZED_AUTOS = YES_AGGRESSIVE;
				GCC_WARN_UNUSED_FUNCTION = YES;
				GCC_WARN_UNUSED_VARIABLE = YES;
				IPHONEOS_DEPLOYMENT_TARGET = 17.4;
				LOCALIZATION_PREFERS_STRING_CATALOGS = YES;
				MTL_ENABLE_DEBUG_INFO = INCLUDE_SOURCE;
				MTL_FAST_MATH = YES;
				ONLY_ACTIVE_ARCH = YES;
				SDKROOT = iphoneos;
				SWIFT_ACTIVE_COMPILATION_CONDITIONS = "DEBUG $(inherited)";
				SWIFT_OPTIMIZATION_LEVEL = "-Onone";
			};
			name = Debug;
		};
		BD9DA4BF2C128BB8004B43BB /* Release */ = {
			isa = XCBuildConfiguration;
			buildSettings = {
				ALWAYS_SEARCH_USER_PATHS = NO;
				ASSETCATALOG_COMPILER_GENERATE_SWIFT_ASSET_SYMBOL_EXTENSIONS = YES;
				CLANG_ANALYZER_NONNULL = YES;
				CLANG_ANALYZER_NUMBER_OBJECT_CONVERSION = YES_AGGRESSIVE;
				CLANG_CXX_LANGUAGE_STANDARD = "gnu++20";
				CLANG_ENABLE_MODULES = YES;
				CLANG_ENABLE_OBJC_ARC = YES;
				CLANG_ENABLE_OBJC_WEAK = YES;
				CLANG_WARN_BLOCK_CAPTURE_AUTORELEASING = YES;
				CLANG_WARN_BOOL_CONVERSION = YES;
				CLANG_WARN_COMMA = YES;
				CLANG_WARN_CONSTANT_CONVERSION = YES;
				CLANG_WARN_DEPRECATED_OBJC_IMPLEMENTATIONS = YES;
				CLANG_WARN_DIRECT_OBJC_ISA_USAGE = YES_ERROR;
				CLANG_WARN_DOCUMENTATION_COMMENTS = YES;
				CLANG_WARN_EMPTY_BODY = YES;
				CLANG_WARN_ENUM_CONVERSION = YES;
				CLANG_WARN_INFINITE_RECURSION = YES;
				CLANG_WARN_INT_CONVERSION = YES;
				CLANG_WARN_NON_LITERAL_NULL_CONVERSION = YES;
				CLANG_WARN_OBJC_IMPLICIT_RETAIN_SELF = YES;
				CLANG_WARN_OBJC_LITERAL_CONVERSION = YES;
				CLANG_WARN_OBJC_ROOT_CLASS = YES_ERROR;
				CLANG_WARN_QUOTED_INCLUDE_IN_FRAMEWORK_HEADER = YES;
				CLANG_WARN_RANGE_LOOP_ANALYSIS = YES;
				CLANG_WARN_STRICT_PROTOTYPES = YES;
				CLANG_WARN_SUSPICIOUS_MOVE = YES;
				CLANG_WARN_UNGUARDED_AVAILABILITY = YES_AGGRESSIVE;
				CLANG_WARN_UNREACHABLE_CODE = YES;
				CLANG_WARN__DUPLICATE_METHOD_MATCH = YES;
				COPY_PHASE_STRIP = NO;
				DEBUG_INFORMATION_FORMAT = "dwarf-with-dsym";
				ENABLE_NS_ASSERTIONS = NO;
				ENABLE_STRICT_OBJC_MSGSEND = YES;
				ENABLE_USER_SCRIPT_SANDBOXING = YES;
				GCC_C_LANGUAGE_STANDARD = gnu17;
				GCC_NO_COMMON_BLOCKS = YES;
				GCC_WARN_64_TO_32_BIT_CONVERSION = YES;
				GCC_WARN_ABOUT_RETURN_TYPE = YES_ERROR;
				GCC_WARN_UNDECLARED_SELECTOR = YES;
				GCC_WARN_UNINITIALIZED_AUTOS = YES_AGGRESSIVE;
				GCC_WARN_UNUSED_FUNCTION = YES;
				GCC_WARN_UNUSED_VARIABLE = YES;
				IPHONEOS_DEPLOYMENT_TARGET = 17.4;
				LOCALIZATION_PREFERS_STRING_CATALOGS = YES;
				MTL_ENABLE_DEBUG_INFO = NO;
				MTL_FAST_MATH = YES;
				SDKROOT = iphoneos;
				SWIFT_COMPILATION_MODE = wholemodule;
				VALIDATE_PRODUCT = YES;
			};
			name = Release;
		};
		BD9DA4C12C128BB8004B43BB /* Debug */ = {
			isa = XCBuildConfiguration;
			baseConfigurationReference = 1F7205A700141AD9F5EFEE4F /* Pods-CustomeDataAPICalling.debug.xcconfig */;
			buildSettings = {
				ASSETCATALOG_COMPILER_APPICON_NAME = AppIcon;
				ASSETCATALOG_COMPILER_GLOBAL_ACCENT_COLOR_NAME = AccentColor;
				CODE_SIGN_STYLE = Automatic;
				CURRENT_PROJECT_VERSION = 1;
				ENABLE_USER_SCRIPT_SANDBOXING = NO;
				GENERATE_INFOPLIST_FILE = YES;
				INFOPLIST_FILE = CustomeDataAPICalling/Info.plist;
				INFOPLIST_KEY_UIApplicationSupportsIndirectInputEvents = YES;
				INFOPLIST_KEY_UILaunchStoryboardName = LaunchScreen;
				INFOPLIST_KEY_UIMainStoryboardFile = Main;
				INFOPLIST_KEY_UISupportedInterfaceOrientations_iPad = "UIInterfaceOrientationPortrait UIInterfaceOrientationPortraitUpsideDown UIInterfaceOrientationLandscapeLeft UIInterfaceOrientationLandscapeRight";
				INFOPLIST_KEY_UISupportedInterfaceOrientations_iPhone = "UIInterfaceOrientationPortrait UIInterfaceOrientationLandscapeLeft UIInterfaceOrientationLandscapeRight";
				LD_RUNPATH_SEARCH_PATHS = (
					"$(inherited)",
					"@executable_path/Frameworks",
				);
				MARKETING_VERSION = 1.0;
				PRODUCT_BUNDLE_IDENTIFIER = com.plexustechnology.CustomeDataAPICalling;
				PRODUCT_NAME = "$(TARGET_NAME)";
				SWIFT_EMIT_LOC_STRINGS = YES;
				SWIFT_VERSION = 5.0;
				TARGETED_DEVICE_FAMILY = "1,2";
			};
			name = Debug;
		};
		BD9DA4C22C128BB8004B43BB /* Release */ = {
			isa = XCBuildConfiguration;
			baseConfigurationReference = CFE6169D525243A7C8404668 /* Pods-CustomeDataAPICalling.release.xcconfig */;
			buildSettings = {
				ASSETCATALOG_COMPILER_APPICON_NAME = AppIcon;
				ASSETCATALOG_COMPILER_GLOBAL_ACCENT_COLOR_NAME = AccentColor;
				CODE_SIGN_STYLE = Automatic;
				CURRENT_PROJECT_VERSION = 1;
				ENABLE_USER_SCRIPT_SANDBOXING = NO;
				GENERATE_INFOPLIST_FILE = YES;
				INFOPLIST_FILE = CustomeDataAPICalling/Info.plist;
				INFOPLIST_KEY_UIApplicationSupportsIndirectInputEvents = YES;
				INFOPLIST_KEY_UILaunchStoryboardName = LaunchScreen;
				INFOPLIST_KEY_UIMainStoryboardFile = Main;
				INFOPLIST_KEY_UISupportedInterfaceOrientations_iPad = "UIInterfaceOrientationPortrait UIInterfaceOrientationPortraitUpsideDown UIInterfaceOrientationLandscapeLeft UIInterfaceOrientationLandscapeRight";
				INFOPLIST_KEY_UISupportedInterfaceOrientations_iPhone = "UIInterfaceOrientationPortrait UIInterfaceOrientationLandscapeLeft UIInterfaceOrientationLandscapeRight";
				LD_RUNPATH_SEARCH_PATHS = (
					"$(inherited)",
					"@executable_path/Frameworks",
				);
				MARKETING_VERSION = 1.0;
				PRODUCT_BUNDLE_IDENTIFIER = com.plexustechnology.CustomeDataAPICalling;
				PRODUCT_NAME = "$(TARGET_NAME)";
				SWIFT_EMIT_LOC_STRINGS = YES;
				SWIFT_VERSION = 5.0;
				TARGETED_DEVICE_FAMILY = "1,2";
			};
			name = Release;
		};
		BD9DA4C42C128BB8004B43BB /* Debug */ = {
			isa = XCBuildConfiguration;
			baseConfigurationReference = 531D256B9B9C01E9227BE15E /* Pods-CustomeDataAPICallingTests.debug.xcconfig */;
			buildSettings = {
				ALWAYS_EMBED_SWIFT_STANDARD_LIBRARIES = YES;
				BUNDLE_LOADER = "$(TEST_HOST)";
				CODE_SIGN_STYLE = Automatic;
				CURRENT_PROJECT_VERSION = 1;
				GENERATE_INFOPLIST_FILE = YES;
				IPHONEOS_DEPLOYMENT_TARGET = 17.4;
				MARKETING_VERSION = 1.0;
				PRODUCT_BUNDLE_IDENTIFIER = com.plexustechnology.CustomeDataAPICallingTests;
				PRODUCT_NAME = "$(TARGET_NAME)";
				SWIFT_EMIT_LOC_STRINGS = NO;
				SWIFT_VERSION = 5.0;
				TARGETED_DEVICE_FAMILY = "1,2";
				TEST_HOST = "$(BUILT_PRODUCTS_DIR)/CustomeDataAPICalling.app/$(BUNDLE_EXECUTABLE_FOLDER_PATH)/CustomeDataAPICalling";
			};
			name = Debug;
		};
		BD9DA4C52C128BB8004B43BB /* Release */ = {
			isa = XCBuildConfiguration;
			baseConfigurationReference = BD9ADED6C2E017626F606CB5 /* Pods-CustomeDataAPICallingTests.release.xcconfig */;
			buildSettings = {
				ALWAYS_EMBED_SWIFT_STANDARD_LIBRARIES = YES;
				BUNDLE_LOADER = "$(TEST_HOST)";
				CODE_SIGN_STYLE = Automatic;
				CURRENT_PROJECT_VERSION = 1;
				GENERATE_INFOPLIST_FILE = YES;
				IPHONEOS_DEPLOYMENT_TARGET = 17.4;
				MARKETING_VERSION = 1.0;
				PRODUCT_BUNDLE_IDENTIFIER = com.plexustechnology.CustomeDataAPICallingTests;
				PRODUCT_NAME = "$(TARGET_NAME)";
				SWIFT_EMIT_LOC_STRINGS = NO;
				SWIFT_VERSION = 5.0;
				TARGETED_DEVICE_FAMILY = "1,2";
				TEST_HOST = "$(BUILT_PRODUCTS_DIR)/CustomeDataAPICalling.app/$(BUNDLE_EXECUTABLE_FOLDER_PATH)/CustomeDataAPICalling";
			};
			name = Release;
		};
		BD9DA4C72C128BB8004B43BB /* Debug */ = {
			isa = XCBuildConfiguration;
			baseConfigurationReference = CCF32878943B804E9AFF18C2 /* Pods-CustomeDataAPICalling-CustomeDataAPICallingUITests.debug.xcconfig */;
			buildSettings = {
				ALWAYS_EMBED_SWIFT_STANDARD_LIBRARIES = YES;
				CODE_SIGN_STYLE = Automatic;
				CURRENT_PROJECT_VERSION = 1;
				GENERATE_INFOPLIST_FILE = YES;
				MARKETING_VERSION = 1.0;
				PRODUCT_BUNDLE_IDENTIFIER = com.plexustechnology.CustomeDataAPICallingUITests;
				PRODUCT_NAME = "$(TARGET_NAME)";
				SWIFT_EMIT_LOC_STRINGS = NO;
				SWIFT_VERSION = 5.0;
				TARGETED_DEVICE_FAMILY = "1,2";
				TEST_TARGET_NAME = CustomeDataAPICalling;
			};
			name = Debug;
		};
		BD9DA4C82C128BB8004B43BB /* Release */ = {
			isa = XCBuildConfiguration;
			baseConfigurationReference = 7305211BDA64D9EE97B8FAAE /* Pods-CustomeDataAPICalling-CustomeDataAPICallingUITests.release.xcconfig */;
			buildSettings = {
				ALWAYS_EMBED_SWIFT_STANDARD_LIBRARIES = YES;
				CODE_SIGN_STYLE = Automatic;
				CURRENT_PROJECT_VERSION = 1;
				GENERATE_INFOPLIST_FILE = YES;
				MARKETING_VERSION = 1.0;
				PRODUCT_BUNDLE_IDENTIFIER = com.plexustechnology.CustomeDataAPICallingUITests;
				PRODUCT_NAME = "$(TARGET_NAME)";
				SWIFT_EMIT_LOC_STRINGS = NO;
				SWIFT_VERSION = 5.0;
				TARGETED_DEVICE_FAMILY = "1,2";
				TEST_TARGET_NAME = CustomeDataAPICalling;
			};
			name = Release;
		};
/* End XCBuildConfiguration section */

/* Begin XCConfigurationList section */
		BD9DA4912C128BB6004B43BB /* Build configuration list for PBXProject "CustomeDataAPICalling" */ = {
			isa = XCConfigurationList;
			buildConfigurations = (
				BD9DA4BE2C128BB8004B43BB /* Debug */,
				BD9DA4BF2C128BB8004B43BB /* Release */,
			);
			defaultConfigurationIsVisible = 0;
			defaultConfigurationName = Release;
		};
		BD9DA4C02C128BB8004B43BB /* Build configuration list for PBXNativeTarget "CustomeDataAPICalling" */ = {
			isa = XCConfigurationList;
			buildConfigurations = (
				BD9DA4C12C128BB8004B43BB /* Debug */,
				BD9DA4C22C128BB8004B43BB /* Release */,
			);
			defaultConfigurationIsVisible = 0;
			defaultConfigurationName = Release;
		};
		BD9DA4C32C128BB8004B43BB /* Build configuration list for PBXNativeTarget "CustomeDataAPICallingTests" */ = {
			isa = XCConfigurationList;
			buildConfigurations = (
				BD9DA4C42C128BB8004B43BB /* Debug */,
				BD9DA4C52C128BB8004B43BB /* Release */,
			);
			defaultConfigurationIsVisible = 0;
			defaultConfigurationName = Release;
		};
		BD9DA4C62C128BB8004B43BB /* Build configuration list for PBXNativeTarget "CustomeDataAPICallingUITests" */ = {
			isa = XCConfigurationList;
			buildConfigurations = (
				BD9DA4C72C128BB8004B43BB /* Debug */,
				BD9DA4C82C128BB8004B43BB /* Release */,
			);
			defaultConfigurationIsVisible = 0;
			defaultConfigurationName = Release;
		};
/* End XCConfigurationList section */
	};
	rootObject = BD9DA48E2C128BB6004B43BB /* Project object */;
}
